
Microsoft Visual Studio Solution File, Format Version 12.00
# Visual Studio Version 17
VisualStudioVersion = 17.5.33530.505
MinimumVisualStudioVersion = 10.0.40219.1
Project("{9A19103F-16F7-4668-BE54-9A1E7A4F7556}") = "Api", "Api\Api.csproj", "{3A553177-749E-4C48-85C7-961111D6AE72}"
EndProject
Project("{9A19103F-16F7-4668-BE54-9A1E7A4F7556}") = "dataCollection", "dataCollection\dataCollection.csproj", "{193839BF-6587-4A56-A48B-8DF60EAEF7BD}"
EndProject
Global
	GlobalSection(SolutionConfigurationPlatforms) = preSolution
		Debug|Any CPU = Debug|Any CPU
		Release|Any CPU = Release|Any CPU
	EndGlobalSection
	GlobalSection(ProjectConfigurationPlatforms) = postSolution
		{3A553177-749E-4C48-85C7-961111D6AE72}.Debug|Any CPU.ActiveCfg = Debug|Any CPU
		{3A553177-749E-4C48-85C7-961111D6AE72}.Debug|Any CPU.Build.0 = Debug|Any CPU
		{3A553177-749E-4C48-85C7-961111D6AE72}.Release|Any CPU.ActiveCfg = Release|Any CPU
		{3A553177-749E-4C48-85C7-961111D6AE72}.Release|Any CPU.Build.0 = Release|Any CPU
		{193839BF-6587-4A56-A48B-8DF60EAEF7BD}.Debug|Any CPU.ActiveCfg = Debug|Any CPU
		{193839BF-6587-4A56-A48B-8DF60EAEF7BD}.Debug|Any CPU.Build.0 = Debug|Any CPU
		{193839BF-6587-4A56-A48B-8DF60EAEF7BD}.Release|Any CPU.ActiveCfg = Release|Any CPU
		{193839BF-6587-4A56-A48B-8DF60EAEF7BD}.Release|Any CPU.Build.0 = Release|Any CPU
	EndGlobalSection
	GlobalSection(SolutionProperties) = preSolution
		HideSolutionNode = FALSE
	EndGlobalSection
	GlobalSection(ExtensibilityGlobals) = postSolution
		SolutionGuid = {9BA2860E-D0FD-4AF3-9711-B3220F8DD782}
	EndGlobalSection
EndGlobal
